// !$*UTF8*$!
{
	archiveVersion = 1;
	classes = {
	};
	objectVersion = 50;
	objects = {

/* Begin PBXBuildFile section */
		8C2C22A224163EDD003667B1 /* AppDelegate.swift in Sources */ = {isa = PBXBuildFile; fileRef = 8C2C22A124163EDD003667B1 /* AppDelegate.swift */; };
		8C2C22A424163EDD003667B1 /* SceneDelegate.swift in Sources */ = {isa = PBXBuildFile; fileRef = 8C2C22A324163EDD003667B1 /* SceneDelegate.swift */; };
		8C2C22A624163EDD003667B1 /* ViewController.swift in Sources */ = {isa = PBXBuildFile; fileRef = 8C2C22A524163EDD003667B1 /* ViewController.swift */; };
		8C2C22A924163EDD003667B1 /* Main.storyboard in Resources */ = {isa = PBXBuildFile; fileRef = 8C2C22A724163EDD003667B1 /* Main.storyboard */; };
		8C2C22AB24163EDF003667B1 /* Assets.xcassets in Resources */ = {isa = PBXBuildFile; fileRef = 8C2C22AA24163EDF003667B1 /* Assets.xcassets */; };
		8C2C22AE24163EDF003667B1 /* LaunchScreen.storyboard in Resources */ = {isa = PBXBuildFile; fileRef = 8C2C22AC24163EDF003667B1 /* LaunchScreen.storyboard */; };
		8C2C22BC24163F7F003667B1 /* libcro_clib.a in Frameworks */ = {isa = PBXBuildFile; fileRef = 8C2C22B724163F7F003667B1 /* libcro_clib.a */; };
		8C2C22BD24163F7F003667B1 /* rpc.c in Sources */ = {isa = PBXBuildFile; fileRef = 8C2C22B824163F7F003667B1 /* rpc.c */; };
		8C2C22BE24163F7F003667B1 /* tx.c in Sources */ = {isa = PBXBuildFile; fileRef = 8C2C22B924163F7F003667B1 /* tx.c */; };
		8C2C22BF24163F7F003667B1 /* test.c in Sources */ = {isa = PBXBuildFile; fileRef = 8C2C22BB24163F7F003667B1 /* test.c */; };
		8C2C22C4241778D1003667B1 /* MyData.swift in Sources */ = {isa = PBXBuildFile; fileRef = 8C2C22C3241778D1003667B1 /* MyData.swift */; };
/* End PBXBuildFile section */

/* Begin PBXFileReference section */
		8C2C229E24163EDD003667B1 /* IosSample.app */ = {isa = PBXFileReference; explicitFileType = wrapper.application; includeInIndex = 0; path = IosSample.app; sourceTree = BUILT_PRODUCTS_DIR; };
		8C2C22A124163EDD003667B1 /* AppDelegate.swift */ = {isa = PBXFileReference; lastKnownFileType = sourcecode.swift; path = AppDelegate.swift; sourceTree = "<group>"; };
		8C2C22A324163EDD003667B1 /* SceneDelegate.swift */ = {isa = PBXFileReference; lastKnownFileType = sourcecode.swift; path = SceneDelegate.swift; sourceTree = "<group>"; };
		8C2C22A524163EDD003667B1 /* ViewController.swift */ = {isa = PBXFileReference; lastKnownFileType = sourcecode.swift; path = ViewController.swift; sourceTree = "<group>"; };
		8C2C22A824163EDD003667B1 /* Base */ = {isa = PBXFileReference; lastKnownFileType = file.storyboard; name = Base; path = Base.lproj/Main.storyboard; sourceTree = "<group>"; };
		8C2C22AA24163EDF003667B1 /* Assets.xcassets */ = {isa = PBXFileReference; lastKnownFileType = folder.assetcatalog; path = Assets.xcassets; sourceTree = "<group>"; };
		8C2C22AD24163EDF003667B1 /* Base */ = {isa = PBXFileReference; lastKnownFileType = file.storyboard; name = Base; path = Base.lproj/LaunchScreen.storyboard; sourceTree = "<group>"; };
		8C2C22AF24163EDF003667B1 /* Info.plist */ = {isa = PBXFileReference; lastKnownFileType = text.plist.xml; path = Info.plist; sourceTree = "<group>"; };
		8C2C22B524163F7C003667B1 /* IosSample-Bridging-Header.h */ = {isa = PBXFileReference; lastKnownFileType = sourcecode.c.h; path = "IosSample-Bridging-Header.h"; sourceTree = "<group>"; };
		8C2C22B624163F7D003667B1 /* chain.h */ = {isa = PBXFileReference; fileEncoding = 4; lastKnownFileType = sourcecode.c.h; path = chain.h; sourceTree = "<group>"; };
		8C2C22B724163F7F003667B1 /* libcro_clib.a */ = {isa = PBXFileReference; lastKnownFileType = archive.ar; path = libcro_clib.a; sourceTree = "<group>"; };
		8C2C22B824163F7F003667B1 /* rpc.c */ = {isa = PBXFileReference; fileEncoding = 4; lastKnownFileType = sourcecode.c.c; path = rpc.c; sourceTree = "<group>"; };
		8C2C22B924163F7F003667B1 /* tx.c */ = {isa = PBXFileReference; fileEncoding = 4; lastKnownFileType = sourcecode.c.c; path = tx.c; sourceTree = "<group>"; };
		8C2C22BA24163F7F003667B1 /* chain-core.h */ = {isa = PBXFileReference; fileEncoding = 4; lastKnownFileType = sourcecode.c.h; path = "chain-core.h"; sourceTree = "<group>"; };
		8C2C22BB24163F7F003667B1 /* test.c */ = {isa = PBXFileReference; fileEncoding = 4; lastKnownFileType = sourcecode.c.c; path = test.c; sourceTree = "<group>"; };
		8C2C22C3241778D1003667B1 /* MyData.swift */ = {isa = PBXFileReference; lastKnownFileType = sourcecode.swift; path = MyData.swift; sourceTree = "<group>"; };
/* End PBXFileReference section */

/* Begin PBXFrameworksBuildPhase section */
		8C2C229B24163EDD003667B1 /* Frameworks */ = {
			isa = PBXFrameworksBuildPhase;
			buildActionMask = 2147483647;
			files = (
				8C2C22BC24163F7F003667B1 /* libcro_clib.a in Frameworks */,
			);
			runOnlyForDeploymentPostprocessing = 0;
		};
/* End PBXFrameworksBuildPhase section */

/* Begin PBXGroup section */
		8C2C229524163EDD003667B1 = {
			isa = PBXGroup;
			children = (
				8C2C22A024163EDD003667B1 /* IosSample */,
				8C2C229F24163EDD003667B1 /* Products */,
			);
			sourceTree = "<group>";
		};
		8C2C229F24163EDD003667B1 /* Products */ = {
			isa = PBXGroup;
			children = (
				8C2C229E24163EDD003667B1 /* IosSample.app */,
			);
			name = Products;
			sourceTree = "<group>";
		};
		8C2C22A024163EDD003667B1 /* IosSample */ = {
			isa = PBXGroup;
			children = (
				8C2C22BA24163F7F003667B1 /* chain-core.h */,
				8C2C22B624163F7D003667B1 /* chain.h */,
				8C2C22B724163F7F003667B1 /* libcro_clib.a */,
				8C2C22B824163F7F003667B1 /* rpc.c */,
				8C2C22BB24163F7F003667B1 /* test.c */,
				8C2C22B924163F7F003667B1 /* tx.c */,
				8C2C22A124163EDD003667B1 /* AppDelegate.swift */,
				8C2C22A324163EDD003667B1 /* SceneDelegate.swift */,
				8C2C22A524163EDD003667B1 /* ViewController.swift */,
				8C2C22A724163EDD003667B1 /* Main.storyboard */,
				8C2C22AA24163EDF003667B1 /* Assets.xcassets */,
				8C2C22AC24163EDF003667B1 /* LaunchScreen.storyboard */,
				8C2C22AF24163EDF003667B1 /* Info.plist */,
				8C2C22B524163F7C003667B1 /* IosSample-Bridging-Header.h */,
				8C2C22C3241778D1003667B1 /* MyData.swift */,
			);
			path = IosSample;
			sourceTree = "<group>";
		};
/* End PBXGroup section */

/* Begin PBXNativeTarget section */
		8C2C229D24163EDD003667B1 /* IosSample */ = {
			isa = PBXNativeTarget;
			buildConfigurationList = 8C2C22B224163EDF003667B1 /* Build configuration list for PBXNativeTarget "IosSample" */;
			buildPhases = (
				8C2C229A24163EDD003667B1 /* Sources */,
				8C2C229B24163EDD003667B1 /* Frameworks */,
				8C2C229C24163EDD003667B1 /* Resources */,
			);
			buildRules = (
			);
			dependencies = (
			);
			name = IosSample;
			productName = IosSample;
			productReference = 8C2C229E24163EDD003667B1 /* IosSample.app */;
			productType = "com.apple.product-type.application";
		};
/* End PBXNativeTarget section */

/* Begin PBXProject section */
		8C2C229624163EDD003667B1 /* Project object */ = {
			isa = PBXProject;
			attributes = {
				LastSwiftUpdateCheck = 1130;
				LastUpgradeCheck = 1130;
				ORGANIZATIONNAME = crypto;
				TargetAttributes = {
					8C2C229D24163EDD003667B1 = {
						CreatedOnToolsVersion = 11.3.1;
						LastSwiftMigration = 1130;
					};
				};
			};
			buildConfigurationList = 8C2C229924163EDD003667B1 /* Build configuration list for PBXProject "IosSample" */;
			compatibilityVersion = "Xcode 9.3";
			developmentRegion = en;
			hasScannedForEncodings = 0;
			knownRegions = (
				en,
				Base,
			);
			mainGroup = 8C2C229524163EDD003667B1;
			productRefGroup = 8C2C229F24163EDD003667B1 /* Products */;
			projectDirPath = "";
			projectRoot = "";
			targets = (
				8C2C229D24163EDD003667B1 /* IosSample */,
			);
		};
/* End PBXProject section */

/* Begin PBXResourcesBuildPhase section */
		8C2C229C24163EDD003667B1 /* Resources */ = {
			isa = PBXResourcesBuildPhase;
			buildActionMask = 2147483647;
			files = (
				8C2C22AE24163EDF003667B1 /* LaunchScreen.storyboard in Resources */,
				8C2C22AB24163EDF003667B1 /* Assets.xcassets in Resources */,
				8C2C22A924163EDD003667B1 /* Main.storyboard in Resources */,
			);
			runOnlyForDeploymentPostprocessing = 0;
		};
/* End PBXResourcesBuildPhase section */

/* Begin PBXSourcesBuildPhase section */
		8C2C229A24163EDD003667B1 /* Sources */ = {
			isa = PBXSourcesBuildPhase;
			buildActionMask = 2147483647;
			files = (
				8C2C22A624163EDD003667B1 /* ViewController.swift in Sources */,
				8C2C22A224163EDD003667B1 /* AppDelegate.swift in Sources */,
				8C2C22A424163EDD003667B1 /* SceneDelegate.swift in Sources */,
				8C2C22BF24163F7F003667B1 /* test.c in Sources */,
				8C2C22BE24163F7F003667B1 /* tx.c in Sources */,
				8C2C22C4241778D1003667B1 /* MyData.swift in Sources */,
				8C2C22BD24163F7F003667B1 /* rpc.c in Sources */,
			);
			runOnlyForDeploymentPostprocessing = 0;
		};
/* End PBXSourcesBuildPhase section */

/* Begin PBXVariantGroup section */
		8C2C22A724163EDD003667B1 /* Main.storyboard */ = {
			isa = PBXVariantGroup;
			children = (
				8C2C22A824163EDD003667B1 /* Base */,
			);
			name = Main.storyboard;
			sourceTree = "<group>";
		};
		8C2C22AC24163EDF003667B1 /* LaunchScreen.storyboard */ = {
			isa = PBXVariantGroup;
			children = (
				8C2C22AD24163EDF003667B1 /* Base */,
			);
			name = LaunchScreen.storyboard;
			sourceTree = "<group>";
		};
/* End PBXVariantGroup section */

/* Begin XCBuildConfiguration section */
		8C2C22B024163EDF003667B1 /* Debug */ = {
			isa = XCBuildConfiguration;
			buildSettings = {
				ALWAYS_SEARCH_USER_PATHS = NO;
				CLANG_ANALYZER_NONNULL = YES;
				CLANG_ANALYZER_NUMBER_OBJECT_CONVERSION = YES_AGGRESSIVE;
				CLANG_CXX_LANGUAGE_STANDARD = "gnu++14";
				CLANG_CXX_LIBRARY = "libc++";
				CLANG_ENABLE_MODULES = YES;
				CLANG_ENABLE_OBJC_ARC = YES;
				CLANG_ENABLE_OBJC_WEAK = YES;
				CLANG_WARN_BLOCK_CAPTURE_AUTORELEASING = YES;
				CLANG_WARN_BOOL_CONVERSION = YES;
				CLANG_WARN_COMMA = YES;
				CLANG_WARN_CONSTANT_CONVERSION = YES;
				CLANG_WARN_DEPRECATED_OBJC_IMPLEMENTATIONS = YES;
				CLANG_WARN_DIRECT_OBJC_ISA_USAGE = YES_ERROR;
				CLANG_WARN_DOCUMENTATION_COMMENTS = YES;
				CLANG_WARN_EMPTY_BODY = YES;
				CLANG_WARN_ENUM_CONVERSION = YES;
				CLANG_WARN_INFINITE_RECURSION = YES;
				CLANG_WARN_INT_CONVERSION = YES;
				CLANG_WARN_NON_LITERAL_NULL_CONVERSION = YES;
				CLANG_WARN_OBJC_IMPLICIT_RETAIN_SELF = YES;
				CLANG_WARN_OBJC_LITERAL_CONVERSION = YES;
				CLANG_WARN_OBJC_ROOT_CLASS = YES_ERROR;
				CLANG_WARN_RANGE_LOOP_ANALYSIS = YES;
				CLANG_WARN_STRICT_PROTOTYPES = YES;
				CLANG_WARN_SUSPICIOUS_MOVE = YES;
				CLANG_WARN_UNGUARDED_AVAILABILITY = YES_AGGRESSIVE;
				CLANG_WARN_UNREACHABLE_CODE = YES;
				CLANG_WARN__DUPLICATE_METHOD_MATCH = YES;
				COPY_PHASE_STRIP = NO;
				DEBUG_INFORMATION_FORMAT = dwarf;
				ENABLE_STRICT_OBJC_MSGSEND = YES;
				ENABLE_TESTABILITY = YES;
				GCC_C_LANGUAGE_STANDARD = gnu11;
				GCC_DYNAMIC_NO_PIC = NO;
				GCC_NO_COMMON_BLOCKS = YES;
				GCC_OPTIMIZATION_LEVEL = 0;
				GCC_PREPROCESSOR_DEFINITIONS = (
					"DEBUG=1",
					"$(inherited)",
				);
				GCC_WARN_64_TO_32_BIT_CONVERSION = YES;
				GCC_WARN_ABOUT_RETURN_TYPE = YES_ERROR;
				GCC_WARN_UNDECLARED_SELECTOR = YES;
				GCC_WARN_UNINITIALIZED_AUTOS = YES_AGGRESSIVE;
				GCC_WARN_UNUSED_FUNCTION = YES;
				GCC_WARN_UNUSED_VARIABLE = YES;
				IPHONEOS_DEPLOYMENT_TARGET = 13.2;
				MTL_ENABLE_DEBUG_INFO = INCLUDE_SOURCE;
				MTL_FAST_MATH = YES;
				ONLY_ACTIVE_ARCH = YES;
				SDKROOT = iphoneos;
				SWIFT_ACTIVE_COMPILATION_CONDITIONS = DEBUG;
				SWIFT_OPTIMIZATION_LEVEL = "-Onone";
			};
			name = Debug;
		};
		8C2C22B124163EDF003667B1 /* Release */ = {
			isa = XCBuildConfiguration;
			buildSettings = {
				ALWAYS_SEARCH_USER_PATHS = NO;
				CLANG_ANALYZER_NONNULL = YES;
				CLANG_ANALYZER_NUMBER_OBJECT_CONVERSION = YES_AGGRESSIVE;
				CLANG_CXX_LANGUAGE_STANDARD = "gnu++14";
				CLANG_CXX_LIBRARY = "libc++";
				CLANG_ENABLE_MODULES = YES;
				CLANG_ENABLE_OBJC_ARC = YES;
				CLANG_ENABLE_OBJC_WEAK = YES;
				CLANG_WARN_BLOCK_CAPTURE_AUTORELEASING = YES;
				CLANG_WARN_BOOL_CONVERSION = YES;
				CLANG_WARN_COMMA = YES;
				CLANG_WARN_CONSTANT_CONVERSION = YES;
				CLANG_WARN_DEPRECATED_OBJC_IMPLEMENTATIONS = YES;
				CLANG_WARN_DIRECT_OBJC_ISA_USAGE = YES_ERROR;
				CLANG_WARN_DOCUMENTATION_COMMENTS = YES;
				CLANG_WARN_EMPTY_BODY = YES;
				CLANG_WARN_ENUM_CONVERSION = YES;
				CLANG_WARN_INFINITE_RECURSION = YES;
				CLANG_WARN_INT_CONVERSION = YES;
				CLANG_WARN_NON_LITERAL_NULL_CONVERSION = YES;
				CLANG_WARN_OBJC_IMPLICIT_RETAIN_SELF = YES;
				CLANG_WARN_OBJC_LITERAL_CONVERSION = YES;
				CLANG_WARN_OBJC_ROOT_CLASS = YES_ERROR;
				CLANG_WARN_RANGE_LOOP_ANALYSIS = YES;
				CLANG_WARN_STRICT_PROTOTYPES = YES;
				CLANG_WARN_SUSPICIOUS_MOVE = YES;
				CLANG_WARN_UNGUARDED_AVAILABILITY = YES_AGGRESSIVE;
				CLANG_WARN_UNREACHABLE_CODE = YES;
				CLANG_WARN__DUPLICATE_METHOD_MATCH = YES;
				COPY_PHASE_STRIP = NO;
				DEBUG_INFORMATION_FORMAT = "dwarf-with-dsym";
				ENABLE_NS_ASSERTIONS = NO;
				ENABLE_STRICT_OBJC_MSGSEND = YES;
				GCC_C_LANGUAGE_STANDARD = gnu11;
				GCC_NO_COMMON_BLOCKS = YES;
				GCC_WARN_64_TO_32_BIT_CONVERSION = YES;
				GCC_WARN_ABOUT_RETURN_TYPE = YES_ERROR;
				GCC_WARN_UNDECLARED_SELECTOR = YES;
				GCC_WARN_UNINITIALIZED_AUTOS = YES_AGGRESSIVE;
				GCC_WARN_UNUSED_FUNCTION = YES;
				GCC_WARN_UNUSED_VARIABLE = YES;
				IPHONEOS_DEPLOYMENT_TARGET = 13.2;
				MTL_ENABLE_DEBUG_INFO = NO;
				MTL_FAST_MATH = YES;
				SDKROOT = iphoneos;
				SWIFT_COMPILATION_MODE = wholemodule;
				SWIFT_OPTIMIZATION_LEVEL = "-O";
				VALIDATE_PRODUCT = YES;
			};
			name = Release;
		};
		8C2C22B324163EDF003667B1 /* Debug */ = {
			isa = XCBuildConfiguration;
			buildSettings = {
				ASSETCATALOG_COMPILER_APPICON_NAME = AppIcon;
				CLANG_ENABLE_MODULES = YES;
				CODE_SIGN_STYLE = Automatic;
				INFOPLIST_FILE = IosSample/Info.plist;
				LD_RUNPATH_SEARCH_PATHS = (
					"$(inherited)",
					"@executable_path/Frameworks",
				);
				LIBRARY_SEARCH_PATHS = (
					"$(inherited)",
					"$(PROJECT_DIR)/IosSample",
				);
				PRODUCT_BUNDLE_IDENTIFIER = apple.IosSample;
				PRODUCT_NAME = "$(TARGET_NAME)";
				SWIFT_OBJC_BRIDGING_HEADER = "IosSample/IosSample-Bridging-Header.h";
				SWIFT_OPTIMIZATION_LEVEL = "-Onone";
				SWIFT_VERSION = 5.0;
				TARGETED_DEVICE_FAMILY = "1,2";
			};
			name = Debug;
		};
		8C2C22B424163EDF003667B1 /* Release */ = {
			isa = XCBuildConfiguration;
			buildSettings = {
				ASSETCATALOG_COMPILER_APPICON_NAME = AppIcon;
				CLANG_ENABLE_MODULES = YES;
				CODE_SIGN_STYLE = Automatic;
				INFOPLIST_FILE = IosSample/Info.plist;
				LD_RUNPATH_SEARCH_PATHS = (
					"$(inherited)",
					"@executable_path/Frameworks",
				);
				LIBRARY_SEARCH_PATHS = (
					"$(inherited)",
					"$(PROJECT_DIR)/IosSample",
				);
				PRODUCT_BUNDLE_IDENTIFIER = apple.IosSample;
				PRODUCT_NAME = "$(TARGET_NAME)";
				SWIFT_OBJC_BRIDGING_HEADER = "IosSample/IosSample-Bridging-Header.h";
				SWIFT_VERSION = 5.0;
				TARGETED_DEVICE_FAMILY = "1,2";
			};
			name = Release;
		};
/* End XCBuildConfiguration section */

/* Begin XCConfigurationList section */
		8C2C229924163EDD003667B1 /* Build configuration list for PBXProject "IosSample" */ = {
			isa = XCConfigurationList;
			buildConfigurations = (
				8C2C22B024163EDF003667B1 /* Debug */,
				8C2C22B124163EDF003667B1 /* Release */,
			);
			defaultConfigurationIsVisible = 0;
			defaultConfigurationName = Release;
		};
		8C2C22B224163EDF003667B1 /* Build configuration list for PBXNativeTarget "IosSample" */ = {
			isa = XCConfigurationList;
			buildConfigurations = (
				8C2C22B324163EDF003667B1 /* Debug */,
				8C2C22B424163EDF003667B1 /* Release */,
			);
			defaultConfigurationIsVisible = 0;
			defaultConfigurationName = Release;
		};
/* End XCConfigurationList section */
	};
	rootObject = 8C2C229624163EDD003667B1 /* Project object */;
}
